
Microsoft Visual Studio Solution File, Format Version 12.00
# Visual Studio Version 16
VisualStudioVersion = 16.0.30114.105
MinimumVisualStudioVersion = 10.0.40219.1
Project("{FAE04EC0-301F-11D3-BF4B-00C04F79EFBC}") = "CrossChainProxy", "CrossChainProxy\CrossChainProxy.csproj", "{8A62BF83-927E-48E1-BE34-4086F66DDB49}"
EndProject
Project("{FAE04EC0-301F-11D3-BF4B-00C04F79EFBC}") = "CrossChainManager", "CrossChainManager\CrossChainManager.csproj", "{A08D5133-6E0E-4A01-BA43-B1FD63DA995D}"
EndProject
Project("{FAE04EC0-301F-11D3-BF4B-00C04F79EFBC}") = "Deployer", "Deployer\Deployer.csproj", "{5E07950D-2F61-403F-87D8-0B20A99A1F2D}"
EndProject
Project("{FAE04EC0-301F-11D3-BF4B-00C04F79EFBC}") = "BridgeEntrance", "BridgeEntrance\BridgeEntrance.csproj", "{AA40BF6C-EFAE-48D4-BB54-8F9B8DD30139}"
EndProject
Global
	GlobalSection(SolutionConfigurationPlatforms) = preSolution
		Debug|Any CPU = Debug|Any CPU
		Release|Any CPU = Release|Any CPU
	EndGlobalSection
	GlobalSection(SolutionProperties) = preSolution
		HideSolutionNode = FALSE
	EndGlobalSection
	GlobalSection(ProjectConfigurationPlatforms) = postSolution
		{8A62BF83-927E-48E1-BE34-4086F66DDB49}.Debug|Any CPU.ActiveCfg = Debug|Any CPU
		{8A62BF83-927E-48E1-BE34-4086F66DDB49}.Debug|Any CPU.Build.0 = Debug|Any CPU
		{8A62BF83-927E-48E1-BE34-4086F66DDB49}.Release|Any CPU.ActiveCfg = Release|Any CPU
		{8A62BF83-927E-48E1-BE34-4086F66DDB49}.Release|Any CPU.Build.0 = Release|Any CPU
		{A08D5133-6E0E-4A01-BA43-B1FD63DA995D}.Debug|Any CPU.ActiveCfg = Debug|Any CPU
		{A08D5133-6E0E-4A01-BA43-B1FD63DA995D}.Debug|Any CPU.Build.0 = Debug|Any CPU
		{A08D5133-6E0E-4A01-BA43-B1FD63DA995D}.Release|Any CPU.ActiveCfg = Release|Any CPU
		{A08D5133-6E0E-4A01-BA43-B1FD63DA995D}.Release|Any CPU.Build.0 = Release|Any CPU
		{5E07950D-2F61-403F-87D8-0B20A99A1F2D}.Debug|Any CPU.ActiveCfg = Debug|Any CPU
		{5E07950D-2F61-403F-87D8-0B20A99A1F2D}.Debug|Any CPU.Build.0 = Debug|Any CPU
		{5E07950D-2F61-403F-87D8-0B20A99A1F2D}.Release|Any CPU.ActiveCfg = Release|Any CPU
		{5E07950D-2F61-403F-87D8-0B20A99A1F2D}.Release|Any CPU.Build.0 = Release|Any CPU
		{AA40BF6C-EFAE-48D4-BB54-8F9B8DD30139}.Debug|Any CPU.ActiveCfg = Debug|Any CPU
		{AA40BF6C-EFAE-48D4-BB54-8F9B8DD30139}.Debug|Any CPU.Build.0 = Debug|Any CPU
		{AA40BF6C-EFAE-48D4-BB54-8F9B8DD30139}.Release|Any CPU.ActiveCfg = Release|Any CPU
		{AA40BF6C-EFAE-48D4-BB54-8F9B8DD30139}.Release|Any CPU.Build.0 = Release|Any CPU
	EndGlobalSection
EndGlobal
